// !$*UTF8*$!
{
	archiveVersion = 1;
	classes = {
	};
	objectVersion = 46;
	objects = {

/* Begin PBXBuildFile section */
		9536B6FE1D3F235800DA5F35 /* main.m in Sources */ = {isa = PBXBuildFile; fileRef = 9536B6FD1D3F235800DA5F35 /* main.m */; };
		9536B7171D3F235900DA5F35 /* StudyTests.m in Sources */ = {isa = PBXBuildFile; fileRef = 9536B7161D3F235900DA5F35 /* StudyTests.m */; };
		9536B7221D3F235900DA5F35 /* StudyUITests.m in Sources */ = {isa = PBXBuildFile; fileRef = 9536B7211D3F235900DA5F35 /* StudyUITests.m */; };
		956D76971D518374000EB0CA /* Meal.m in Sources */ = {isa = PBXBuildFile; fileRef = 956D76961D518374000EB0CA /* Meal.m */; };
		956D769A1D51B969000EB0CA /* MealTableViewCell.m in Sources */ = {isa = PBXBuildFile; fileRef = 956D76991D51B969000EB0CA /* MealTableViewCell.m */; };
		956D76A31D51DAA7000EB0CA /* MealTableViewController.m in Sources */ = {isa = PBXBuildFile; fileRef = 956D76A21D51DAA7000EB0CA /* MealTableViewController.m */; };
		95A5FFAD1D50AD870016F82B /* AppDelegate.m in Sources */ = {isa = PBXBuildFile; fileRef = 95A5FFA41D50AD870016F82B /* AppDelegate.m */; };
		95A5FFAE1D50AD870016F82B /* Assets.xcassets in Resources */ = {isa = PBXBuildFile; fileRef = 95A5FFA51D50AD870016F82B /* Assets.xcassets */; };
		95A5FFB11D50AD870016F82B /* RatingControl.m in Sources */ = {isa = PBXBuildFile; fileRef = 95A5FFAA1D50AD870016F82B /* RatingControl.m */; };
		95A5FFB21D50AD870016F82B /* MealViewController.m in Sources */ = {isa = PBXBuildFile; fileRef = 95A5FFAC1D50AD870016F82B /* MealViewController.m */; };
		95A5FFB51D50ADE50016F82B /* LaunchScreen.storyboard in Resources */ = {isa = PBXBuildFile; fileRef = 95A5FFB31D50ADE50016F82B /* LaunchScreen.storyboard */; };
		95A5FFB61D50ADE50016F82B /* Main.storyboard in Resources */ = {isa = PBXBuildFile; fileRef = 95A5FFB41D50ADE50016F82B /* Main.storyboard */; };
/* End PBXBuildFile section */

/* Begin PBXContainerItemProxy section */
		9536B7131D3F235900DA5F35 /* PBXContainerItemProxy */ = {
			isa = PBXContainerItemProxy;
			containerPortal = 9536B6F11D3F235800DA5F35 /* Project object */;
			proxyType = 1;
			remoteGlobalIDString = 9536B6F81D3F235800DA5F35;
			remoteInfo = Study;
		};
		9536B71E1D3F235900DA5F35 /* PBXContainerItemProxy */ = {
			isa = PBXContainerItemProxy;
			containerPortal = 9536B6F11D3F235800DA5F35 /* Project object */;
			proxyType = 1;
			remoteGlobalIDString = 9536B6F81D3F235800DA5F35;
			remoteInfo = Study;
		};
/* End PBXContainerItemProxy section */

/* Begin PBXFileReference section */
		9536B6F91D3F235800DA5F35 /* Study.app */ = {isa = PBXFileReference; explicitFileType = wrapper.application; includeInIndex = 0; path = Study.app; sourceTree = BUILT_PRODUCTS_DIR; };
		9536B6FD1D3F235800DA5F35 /* main.m */ = {isa = PBXFileReference; lastKnownFileType = sourcecode.c.objc; path = main.m; sourceTree = "<group>"; };
		9536B7121D3F235900DA5F35 /* StudyTests.xctest */ = {isa = PBXFileReference; explicitFileType = wrapper.cfbundle; includeInIndex = 0; path = StudyTests.xctest; sourceTree = BUILT_PRODUCTS_DIR; };
		9536B7161D3F235900DA5F35 /* StudyTests.m */ = {isa = PBXFileReference; lastKnownFileType = sourcecode.c.objc; path = StudyTests.m; sourceTree = "<group>"; };
		9536B7181D3F235900DA5F35 /* Info.plist */ = {isa = PBXFileReference; lastKnownFileType = text.plist.xml; path = Info.plist; sourceTree = "<group>"; };
		9536B71D1D3F235900DA5F35 /* StudyUITests.xctest */ = {isa = PBXFileReference; explicitFileType = wrapper.cfbundle; includeInIndex = 0; path = StudyUITests.xctest; sourceTree = BUILT_PRODUCTS_DIR; };
		9536B7211D3F235900DA5F35 /* StudyUITests.m */ = {isa = PBXFileReference; lastKnownFileType = sourcecode.c.objc; path = StudyUITests.m; sourceTree = "<group>"; };
		9536B7231D3F235900DA5F35 /* Info.plist */ = {isa = PBXFileReference; lastKnownFileType = text.plist.xml; path = Info.plist; sourceTree = "<group>"; };
		956D76951D518374000EB0CA /* Meal.h */ = {isa = PBXFileReference; fileEncoding = 4; lastKnownFileType = sourcecode.c.h; path = Meal.h; sourceTree = "<group>"; };
		956D76961D518374000EB0CA /* Meal.m */ = {isa = PBXFileReference; fileEncoding = 4; lastKnownFileType = sourcecode.c.objc; path = Meal.m; sourceTree = "<group>"; };
		956D76981D51B969000EB0CA /* MealTableViewCell.h */ = {isa = PBXFileReference; fileEncoding = 4; lastKnownFileType = sourcecode.c.h; path = MealTableViewCell.h; sourceTree = "<group>"; };
		956D76991D51B969000EB0CA /* MealTableViewCell.m */ = {isa = PBXFileReference; fileEncoding = 4; lastKnownFileType = sourcecode.c.objc; path = MealTableViewCell.m; sourceTree = "<group>"; };
		956D76A11D51DAA7000EB0CA /* MealTableViewController.h */ = {isa = PBXFileReference; fileEncoding = 4; lastKnownFileType = sourcecode.c.h; path = MealTableViewController.h; sourceTree = "<group>"; };
		956D76A21D51DAA7000EB0CA /* MealTableViewController.m */ = {isa = PBXFileReference; fileEncoding = 4; lastKnownFileType = sourcecode.c.objc; path = MealTableViewController.m; sourceTree = "<group>"; };
		95A5FFA31D50AD870016F82B /* AppDelegate.h */ = {isa = PBXFileReference; fileEncoding = 4; lastKnownFileType = sourcecode.c.h; path = AppDelegate.h; sourceTree = "<group>"; };
		95A5FFA41D50AD870016F82B /* AppDelegate.m */ = {isa = PBXFileReference; fileEncoding = 4; lastKnownFileType = sourcecode.c.objc; path = AppDelegate.m; sourceTree = "<group>"; };
		95A5FFA51D50AD870016F82B /* Assets.xcassets */ = {isa = PBXFileReference; lastKnownFileType = folder.assetcatalog; path = Assets.xcassets; sourceTree = "<group>"; };
		95A5FFA61D50AD870016F82B /* Info.plist */ = {isa = PBXFileReference; fileEncoding = 4; lastKnownFileType = text.plist.xml; path = Info.plist; sourceTree = "<group>"; };
		95A5FFA91D50AD870016F82B /* RatingControl.h */ = {isa = PBXFileReference; fileEncoding = 4; lastKnownFileType = sourcecode.c.h; path = RatingControl.h; sourceTree = "<group>"; };
		95A5FFAA1D50AD870016F82B /* RatingControl.m */ = {isa = PBXFileReference; fileEncoding = 4; lastKnownFileType = sourcecode.c.objc; path = RatingControl.m; sourceTree = "<group>"; };
		95A5FFAB1D50AD870016F82B /* MealViewController.h */ = {isa = PBXFileReference; fileEncoding = 4; lastKnownFileType = sourcecode.c.h; path = MealViewController.h; sourceTree = "<group>"; };
		95A5FFAC1D50AD870016F82B /* MealViewController.m */ = {isa = PBXFileReference; fileEncoding = 4; lastKnownFileType = sourcecode.c.objc; path = MealViewController.m; sourceTree = "<group>"; };
		95A5FFB31D50ADE50016F82B /* LaunchScreen.storyboard */ = {isa = PBXFileReference; fileEncoding = 4; lastKnownFileType = file.storyboard; path = LaunchScreen.storyboard; sourceTree = "<group>"; };
		95A5FFB41D50ADE50016F82B /* Main.storyboard */ = {isa = PBXFileReference; fileEncoding = 4; lastKnownFileType = file.storyboard; path = Main.storyboard; sourceTree = "<group>"; };
/* End PBXFileReference section */

/* Begin PBXFrameworksBuildPhase section */
		9536B6F61D3F235800DA5F35 /* Frameworks */ = {
			isa = PBXFrameworksBuildPhase;
			buildActionMask = 2147483647;
			files = (
			);
			runOnlyForDeploymentPostprocessing = 0;
		};
		9536B70F1D3F235900DA5F35 /* Frameworks */ = {
			isa = PBXFrameworksBuildPhase;
			buildActionMask = 2147483647;
			files = (
			);
			runOnlyForDeploymentPostprocessing = 0;
		};
		9536B71A1D3F235900DA5F35 /* Frameworks */ = {
			isa = PBXFrameworksBuildPhase;
			buildActionMask = 2147483647;
			files = (
			);
			runOnlyForDeploymentPostprocessing = 0;
		};
/* End PBXFrameworksBuildPhase section */

/* Begin PBXGroup section */
		9536B6F01D3F235800DA5F35 = {
			isa = PBXGroup;
			children = (
				9536B6FB1D3F235800DA5F35 /* Study */,
				9536B7151D3F235900DA5F35 /* StudyTests */,
				9536B7201D3F235900DA5F35 /* StudyUITests */,
				9536B6FA1D3F235800DA5F35 /* Products */,
			);
			sourceTree = "<group>";
		};
		9536B6FA1D3F235800DA5F35 /* Products */ = {
			isa = PBXGroup;
			children = (
				9536B6F91D3F235800DA5F35 /* Study.app */,
				9536B7121D3F235900DA5F35 /* StudyTests.xctest */,
				9536B71D1D3F235900DA5F35 /* StudyUITests.xctest */,
			);
			name = Products;
			sourceTree = "<group>";
		};
		9536B6FB1D3F235800DA5F35 /* Study */ = {
			isa = PBXGroup;
			children = (
				95A5FFA31D50AD870016F82B /* AppDelegate.h */,
				95A5FFA41D50AD870016F82B /* AppDelegate.m */,
				956D76A51D52E7E9000EB0CA /* ViewController */,
				95A5FFA51D50AD870016F82B /* Assets.xcassets */,
				95A5FFA61D50AD870016F82B /* Info.plist */,
				956D76A61D52E80E000EB0CA /* CustomizedView */,
				95A5FFB31D50ADE50016F82B /* LaunchScreen.storyboard */,
				95A5FFB41D50ADE50016F82B /* Main.storyboard */,
				956D76A71D52E84B000EB0CA /* CustomizedTableViewCell */,
				9536B6FC1D3F235800DA5F35 /* Supporting Files */,
				956D76A41D52E7CA000EB0CA /* Model */,
			);
			path = Study;
			sourceTree = "<group>";
		};
		9536B6FC1D3F235800DA5F35 /* Supporting Files */ = {
			isa = PBXGroup;
			children = (
				9536B6FD1D3F235800DA5F35 /* main.m */,
			);
			name = "Supporting Files";
			sourceTree = "<group>";
		};
		9536B7151D3F235900DA5F35 /* StudyTests */ = {
			isa = PBXGroup;
			children = (
				9536B7161D3F235900DA5F35 /* StudyTests.m */,
				9536B7181D3F235900DA5F35 /* Info.plist */,
			);
			path = StudyTests;
			sourceTree = "<group>";
		};
		9536B7201D3F235900DA5F35 /* StudyUITests */ = {
			isa = PBXGroup;
			children = (
				9536B7211D3F235900DA5F35 /* StudyUITests.m */,
				9536B7231D3F235900DA5F35 /* Info.plist */,
			);
			path = StudyUITests;
			sourceTree = "<group>";
		};
		956D76A41D52E7CA000EB0CA /* Model */ = {
			isa = PBXGroup;
			children = (
				956D76951D518374000EB0CA /* Meal.h */,
				956D76961D518374000EB0CA /* Meal.m */,
			);
			name = Model;
			sourceTree = "<group>";
		};
		956D76A51D52E7E9000EB0CA /* ViewController */ = {
			isa = PBXGroup;
			children = (
				95A5FFAB1D50AD870016F82B /* MealViewController.h */,
				95A5FFAC1D50AD870016F82B /* MealViewController.m */,
				956D76A11D51DAA7000EB0CA /* MealTableViewController.h */,
				956D76A21D51DAA7000EB0CA /* MealTableViewController.m */,
			);
			name = ViewController;
			sourceTree = "<group>";
		};
		956D76A61D52E80E000EB0CA /* CustomizedView */ = {
			isa = PBXGroup;
			children = (
				95A5FFA91D50AD870016F82B /* RatingControl.h */,
				95A5FFAA1D50AD870016F82B /* RatingControl.m */,
			);
			name = CustomizedView;
			sourceTree = "<group>";
		};
		956D76A71D52E84B000EB0CA /* CustomizedTableViewCell */ = {
			isa = PBXGroup;
			children = (
				956D76981D51B969000EB0CA /* MealTableViewCell.h */,
				956D76991D51B969000EB0CA /* MealTableViewCell.m */,
			);
			name = CustomizedTableViewCell;
			sourceTree = "<group>";
		};
/* End PBXGroup section */

/* Begin PBXNativeTarget section */
		9536B6F81D3F235800DA5F35 /* Study */ = {
			isa = PBXNativeTarget;
			buildConfigurationList = 9536B7261D3F235900DA5F35 /* Build configuration list for PBXNativeTarget "Study" */;
			buildPhases = (
				9536B6F51D3F235800DA5F35 /* Sources */,
				9536B6F61D3F235800DA5F35 /* Frameworks */,
				9536B6F71D3F235800DA5F35 /* Resources */,
			);
			buildRules = (
			);
			dependencies = (
			);
			name = Study;
			productName = Study;
			productReference = 9536B6F91D3F235800DA5F35 /* Study.app */;
			productType = "com.apple.product-type.application";
		};
		9536B7111D3F235900DA5F35 /* StudyTests */ = {
			isa = PBXNativeTarget;
			buildConfigurationList = 9536B7291D3F235900DA5F35 /* Build configuration list for PBXNativeTarget "StudyTests" */;
			buildPhases = (
				9536B70E1D3F235900DA5F35 /* Sources */,
				9536B70F1D3F235900DA5F35 /* Frameworks */,
				9536B7101D3F235900DA5F35 /* Resources */,
			);
			buildRules = (
			);
			dependencies = (
				9536B7141D3F235900DA5F35 /* PBXTargetDependency */,
			);
			name = StudyTests;
			productName = StudyTests;
			productReference = 9536B7121D3F235900DA5F35 /* StudyTests.xctest */;
			productType = "com.apple.product-type.bundle.unit-test";
		};
		9536B71C1D3F235900DA5F35 /* StudyUITests */ = {
			isa = PBXNativeTarget;
			buildConfigurationList = 9536B72C1D3F235900DA5F35 /* Build configuration list for PBXNativeTarget "StudyUITests" */;
			buildPhases = (
				9536B7191D3F235900DA5F35 /* Sources */,
				9536B71A1D3F235900DA5F35 /* Frameworks */,
				9536B71B1D3F235900DA5F35 /* Resources */,
			);
			buildRules = (
			);
			dependencies = (
				9536B71F1D3F235900DA5F35 /* PBXTargetDependency */,
			);
			name = StudyUITests;
			productName = StudyUITests;
			productReference = 9536B71D1D3F235900DA5F35 /* StudyUITests.xctest */;
			productType = "com.apple.product-type.bundle.ui-testing";
		};
/* End PBXNativeTarget section */

/* Begin PBXProject section */
		9536B6F11D3F235800DA5F35 /* Project object */ = {
			isa = PBXProject;
			attributes = {
				LastUpgradeCheck = 0800;
				ORGANIZATIONNAME = LvZheng;
				TargetAttributes = {
					9536B6F81D3F235800DA5F35 = {
						CreatedOnToolsVersion = 8.0;
						ProvisioningStyle = Automatic;
					};
					9536B7111D3F235900DA5F35 = {
						CreatedOnToolsVersion = 8.0;
						ProvisioningStyle = Automatic;
						TestTargetID = 9536B6F81D3F235800DA5F35;
					};
					9536B71C1D3F235900DA5F35 = {
						CreatedOnToolsVersion = 8.0;
						ProvisioningStyle = Automatic;
						TestTargetID = 9536B6F81D3F235800DA5F35;
					};
				};
			};
			buildConfigurationList = 9536B6F41D3F235800DA5F35 /* Build configuration list for PBXProject "Study" */;
			compatibilityVersion = "Xcode 3.2";
			developmentRegion = English;
			hasScannedForEncodings = 0;
			knownRegions = (
				en,
				Base,
			);
			mainGroup = 9536B6F01D3F235800DA5F35;
			productRefGroup = 9536B6FA1D3F235800DA5F35 /* Products */;
			projectDirPath = "";
			projectRoot = "";
			targets = (
				9536B6F81D3F235800DA5F35 /* Study */,
				9536B7111D3F235900DA5F35 /* StudyTests */,
				9536B71C1D3F235900DA5F35 /* StudyUITests */,
			);
		};
/* End PBXProject section */

/* Begin PBXResourcesBuildPhase section */
		9536B6F71D3F235800DA5F35 /* Resources */ = {
			isa = PBXResourcesBuildPhase;
			buildActionMask = 2147483647;
			files = (
				95A5FFAE1D50AD870016F82B /* Assets.xcassets in Resources */,
				95A5FFB61D50ADE50016F82B /* Main.storyboard in Resources */,
				95A5FFB51D50ADE50016F82B /* LaunchScreen.storyboard in Resources */,
			);
			runOnlyForDeploymentPostprocessing = 0;
		};
		9536B7101D3F235900DA5F35 /* Resources */ = {
			isa = PBXResourcesBuildPhase;
			buildActionMask = 2147483647;
			files = (
			);
			runOnlyForDeploymentPostprocessing = 0;
		};
		9536B71B1D3F235900DA5F35 /* Resources */ = {
			isa = PBXResourcesBuildPhase;
			buildActionMask = 2147483647;
			files = (
			);
			runOnlyForDeploymentPostprocessing = 0;
		};
/* End PBXResourcesBuildPhase section */

/* Begin PBXSourcesBuildPhase section */
		9536B6F51D3F235800DA5F35 /* Sources */ = {
			isa = PBXSourcesBuildPhase;
			buildActionMask = 2147483647;
			files = (
				956D76A31D51DAA7000EB0CA /* MealTableViewController.m in Sources */,
				956D769A1D51B969000EB0CA /* MealTableViewCell.m in Sources */,
				956D76971D518374000EB0CA /* Meal.m in Sources */,
				95A5FFB11D50AD870016F82B /* RatingControl.m in Sources */,
				95A5FFAD1D50AD870016F82B /* AppDelegate.m in Sources */,
				9536B6FE1D3F235800DA5F35 /* main.m in Sources */,
				95A5FFB21D50AD870016F82B /* MealViewController.m in Sources */,
			);
			runOnlyForDeploymentPostprocessing = 0;
		};
		9536B70E1D3F235900DA5F35 /* Sources */ = {
			isa = PBXSourcesBuildPhase;
			buildActionMask = 2147483647;
			files = (
				9536B7171D3F235900DA5F35 /* StudyTests.m in Sources */,
			);
			runOnlyForDeploymentPostprocessing = 0;
		};
		9536B7191D3F235900DA5F35 /* Sources */ = {
			isa = PBXSourcesBuildPhase;
			buildActionMask = 2147483647;
			files = (
				9536B7221D3F235900DA5F35 /* StudyUITests.m in Sources */,
			);
			runOnlyForDeploymentPostprocessing = 0;
		};
/* End PBXSourcesBuildPhase section */

/* Begin PBXTargetDependency section */
		9536B7141D3F235900DA5F35 /* PBXTargetDependency */ = {
			isa = PBXTargetDependency;
			target = 9536B6F81D3F235800DA5F35 /* Study */;
			targetProxy = 9536B7131D3F235900DA5F35 /* PBXContainerItemProxy */;
		};
		9536B71F1D3F235900DA5F35 /* PBXTargetDependency */ = {
			isa = PBXTargetDependency;
			target = 9536B6F81D3F235800DA5F35 /* Study */;
			targetProxy = 9536B71E1D3F235900DA5F35 /* PBXContainerItemProxy */;
		};
/* End PBXTargetDependency section */

/* Begin XCBuildConfiguration section */
		9536B7241D3F235900DA5F35 /* Debug */ = {
			isa = XCBuildConfiguration;
			buildSettings = {
				ALWAYS_SEARCH_USER_PATHS = NO;
				CLANG_ANALYZER_NONNULL = YES;
				CLANG_CXX_LANGUAGE_STANDARD = "gnu++0x";
				CLANG_CXX_LIBRARY = "libc++";
				CLANG_ENABLE_MODULES = YES;
				CLANG_ENABLE_OBJC_ARC = YES;
				CLANG_WARN_BOOL_CONVERSION = YES;
				CLANG_WARN_CONSTANT_CONVERSION = YES;
				CLANG_WARN_DIRECT_OBJC_ISA_USAGE = YES_ERROR;
				CLANG_WARN_DOCUMENTATION_COMMENTS = YES;
				CLANG_WARN_EMPTY_BODY = YES;
				CLANG_WARN_ENUM_CONVERSION = YES;
				CLANG_WARN_INT_CONVERSION = YES;
				CLANG_WARN_OBJC_ROOT_CLASS = YES_ERROR;
				CLANG_WARN_UNREACHABLE_CODE = YES;
				CLANG_WARN__DUPLICATE_METHOD_MATCH = YES;
				"CODE_SIGN_IDENTITY[sdk=iphoneos*]" = "iPhone Developer";
				COPY_PHASE_STRIP = NO;
				DEBUG_INFORMATION_FORMAT = dwarf;
				ENABLE_STRICT_OBJC_MSGSEND = YES;
				ENABLE_TESTABILITY = YES;
				GCC_C_LANGUAGE_STANDARD = gnu99;
				GCC_DYNAMIC_NO_PIC = NO;
				GCC_NO_COMMON_BLOCKS = YES;
				GCC_OPTIMIZATION_LEVEL = 0;
				GCC_PREPROCESSOR_DEFINITIONS = (
					"DEBUG=1",
					"$(inherited)",
				);
				GCC_WARN_64_TO_32_BIT_CONVERSION = YES;
				GCC_WARN_ABOUT_RETURN_TYPE = YES_ERROR;
				GCC_WARN_UNDECLARED_SELECTOR = YES;
				GCC_WARN_UNINITIALIZED_AUTOS = YES_AGGRESSIVE;
				GCC_WARN_UNUSED_FUNCTION = YES;
				GCC_WARN_UNUSED_VARIABLE = YES;
				IPHONEOS_DEPLOYMENT_TARGET = 10.0;
				MTL_ENABLE_DEBUG_INFO = YES;
				ONLY_ACTIVE_ARCH = YES;
				SDKROOT = iphoneos;
				TARGETED_DEVICE_FAMILY = "1,2";
			};
			name = Debug;
		};
		9536B7251D3F235900DA5F35 /* Release */ = {
			isa = XCBuildConfiguration;
			buildSettings = {
				ALWAYS_SEARCH_USER_PATHS = NO;
				CLANG_ANALYZER_NONNULL = YES;
				CLANG_CXX_LANGUAGE_STANDARD = "gnu++0x";
				CLANG_CXX_LIBRARY = "libc++";
				CLANG_ENABLE_MODULES = YES;
				CLANG_ENABLE_OBJC_ARC = YES;
				CLANG_WARN_BOOL_CONVERSION = YES;
				CLANG_WARN_CONSTANT_CONVERSION = YES;
				CLANG_WARN_DIRECT_OBJC_ISA_USAGE = YES_ERROR;
				CLANG_WARN_DOCUMENTATION_COMMENTS = YES;
				CLANG_WARN_EMPTY_BODY = YES;
				CLANG_WARN_ENUM_CONVERSION = YES;
				CLANG_WARN_INT_CONVERSION = YES;
				CLANG_WARN_OBJC_ROOT_CLASS = YES_ERROR;
				CLANG_WARN_UNREACHABLE_CODE = YES;
				CLANG_WARN__DUPLICATE_METHOD_MATCH = YES;
				"CODE_SIGN_IDENTITY[sdk=iphoneos*]" = "iPhone Developer";
				COPY_PHASE_STRIP = NO;
				DEBUG_INFORMATION_FORMAT = "dwarf-with-dsym";
				ENABLE_NS_ASSERTIONS = NO;
				ENABLE_STRICT_OBJC_MSGSEND = YES;
				GCC_C_LANGUAGE_STANDARD = gnu99;
				GCC_NO_COMMON_BLOCKS = YES;
				GCC_WARN_64_TO_32_BIT_CONVERSION = YES;
				GCC_WARN_ABOUT_RETURN_TYPE = YES_ERROR;
				GCC_WARN_UNDECLARED_SELECTOR = YES;
				GCC_WARN_UNINITIALIZED_AUTOS = YES_AGGRESSIVE;
				GCC_WARN_UNUSED_FUNCTION = YES;
				GCC_WARN_UNUSED_VARIABLE = YES;
				IPHONEOS_DEPLOYMENT_TARGET = 10.0;
				MTL_ENABLE_DEBUG_INFO = NO;
				SDKROOT = iphoneos;
				TARGETED_DEVICE_FAMILY = "1,2";
				VALIDATE_PRODUCT = YES;
			};
			name = Release;
		};
		9536B7271D3F235900DA5F35 /* Debug */ = {
			isa = XCBuildConfiguration;
			buildSettings = {
				ASSETCATALOG_COMPILER_APPICON_NAME = AppIcon;
				INFOPLIST_FILE = Study/Info.plist;
				IPHONEOS_DEPLOYMENT_TARGET = 10.0;
				LD_RUNPATH_SEARCH_PATHS = "$(inherited) @executable_path/Frameworks";
				PRODUCT_BUNDLE_IDENTIFIER = com.lucian.Study;
				PRODUCT_NAME = "$(TARGET_NAME)";
				TARGETED_DEVICE_FAMILY = 1;
			};
			name = Debug;
		};
		9536B7281D3F235900DA5F35 /* Release */ = {
			isa = XCBuildConfiguration;
			buildSettings = {
				ASSETCATALOG_COMPILER_APPICON_NAME = AppIcon;
				INFOPLIST_FILE = Study/Info.plist;
				IPHONEOS_DEPLOYMENT_TARGET = 10.0;
				LD_RUNPATH_SEARCH_PATHS = "$(inherited) @executable_path/Frameworks";
				PRODUCT_BUNDLE_IDENTIFIER = com.lucian.Study;
				PRODUCT_NAME = "$(TARGET_NAME)";
				TARGETED_DEVICE_FAMILY = 1;
			};
			name = Release;
		};
		9536B72A1D3F235900DA5F35 /* Debug */ = {
			isa = XCBuildConfiguration;
			buildSettings = {
				BUNDLE_LOADER = "$(TEST_HOST)";
				INFOPLIST_FILE = StudyTests/Info.plist;
				LD_RUNPATH_SEARCH_PATHS = "$(inherited) @executable_path/Frameworks @loader_path/Frameworks";
				PRODUCT_BUNDLE_IDENTIFIER = com.lucian.StudyTests;
				PRODUCT_NAME = "$(TARGET_NAME)";
				TEST_HOST = "$(BUILT_PRODUCTS_DIR)/Study.app/Study";
			};
			name = Debug;
		};
		9536B72B1D3F235900DA5F35 /* Release */ = {
			isa = XCBuildConfiguration;
			buildSettings = {
				BUNDLE_LOADER = "$(TEST_HOST)";
				INFOPLIST_FILE = StudyTests/Info.plist;
				LD_RUNPATH_SEARCH_PATHS = "$(inherited) @executable_path/Frameworks @loader_path/Frameworks";
				PRODUCT_BUNDLE_IDENTIFIER = com.lucian.StudyTests;
				PRODUCT_NAME = "$(TARGET_NAME)";
				TEST_HOST = "$(BUILT_PRODUCTS_DIR)/Study.app/Study";
			};
			name = Release;
		};
		9536B72D1D3F235900DA5F35 /* Debug */ = {
			isa = XCBuildConfiguration;
			buildSettings = {
				INFOPLIST_FILE = StudyUITests/Info.plist;
				LD_RUNPATH_SEARCH_PATHS = "$(inherited) @executable_path/Frameworks @loader_path/Frameworks";
				PRODUCT_BUNDLE_IDENTIFIER = com.lucian.StudyUITests;
				PRODUCT_NAME = "$(TARGET_NAME)";
				TEST_TARGET_NAME = Study;
			};
			name = Debug;
		};
		9536B72E1D3F235900DA5F35 /* Release */ = {
			isa = XCBuildConfiguration;
			buildSettings = {
				INFOPLIST_FILE = StudyUITests/Info.plist;
				LD_RUNPATH_SEARCH_PATHS = "$(inherited) @executable_path/Frameworks @loader_path/Frameworks";
				PRODUCT_BUNDLE_IDENTIFIER = com.lucian.StudyUITests;
				PRODUCT_NAME = "$(TARGET_NAME)";
				TEST_TARGET_NAME = Study;
			};
			name = Release;
		};
/* End XCBuildConfiguration section */

/* Begin XCConfigurationList section */
		9536B6F41D3F235800DA5F35 /* Build configuration list for PBXProject "Study" */ = {
			isa = XCConfigurationList;
			buildConfigurations = (
				9536B7241D3F235900DA5F35 /* Debug */,
				9536B7251D3F235900DA5F35 /* Release */,
			);
			defaultConfigurationIsVisible = 0;
			defaultConfigurationName = Release;
		};
		9536B7261D3F235900DA5F35 /* Build configuration list for PBXNativeTarget "Study" */ = {
			isa = XCConfigurationList;
			buildConfigurations = (
				9536B7271D3F235900DA5F35 /* Debug */,
				9536B7281D3F235900DA5F35 /* Release */,
			);
			defaultConfigurationIsVisible = 0;
			defaultConfigurationName = Release;
		};
		9536B7291D3F235900DA5F35 /* Build configuration list for PBXNativeTarget "StudyTests" */ = {
			isa = XCConfigurationList;
			buildConfigurations = (
				9536B72A1D3F235900DA5F35 /* Debug */,
				9536B72B1D3F235900DA5F35 /* Release */,
			);
			defaultConfigurationIsVisible = 0;
			defaultConfigurationName = Release;
		};
		9536B72C1D3F235900DA5F35 /* Build configuration list for PBXNativeTarget "StudyUITests" */ = {
			isa = XCConfigurationList;
			buildConfigurations = (
				9536B72D1D3F235900DA5F35 /* Debug */,
				9536B72E1D3F235900DA5F35 /* Release */,
			);
			defaultConfigurationIsVisible = 0;
			defaultConfigurationName = Release;
		};
/* End XCConfigurationList section */
	};
	rootObject = 9536B6F11D3F235800DA5F35 /* Project object */;
}
